
Microsoft Visual Studio Solution File, Format Version 12.00
Project("{FAE04EC0-301F-11D3-BF4B-00C04F79EFBC}") = "HyperLogCompare", "HyperLogCompare\HyperLogCompare.csproj", "{9F199F27-6026-4059-9AE7-E9DEEB60C4C1}"
EndProject
Project("{FAE04EC0-301F-11D3-BF4B-00C04F79EFBC}") = "WebHookDemo", "WebhookDemo\WebHookDemo.csproj", "{1B377E51-6676-476B-BCE4-13CDAB9376DA}"
EndProject
Global
	GlobalSection(SolutionConfigurationPlatforms) = preSolution
		Debug|Any CPU = Debug|Any CPU
		Release|Any CPU = Release|Any CPU
	EndGlobalSection
	GlobalSection(ProjectConfigurationPlatforms) = postSolution
		{9F199F27-6026-4059-9AE7-E9DEEB60C4C1}.Debug|Any CPU.ActiveCfg = Debug|Any CPU
		{9F199F27-6026-4059-9AE7-E9DEEB60C4C1}.Debug|Any CPU.Build.0 = Debug|Any CPU
		{9F199F27-6026-4059-9AE7-E9DEEB60C4C1}.Release|Any CPU.ActiveCfg = Release|Any CPU
		{9F199F27-6026-4059-9AE7-E9DEEB60C4C1}.Release|Any CPU.Build.0 = Release|Any CPU
		{1B377E51-6676-476B-BCE4-13CDAB9376DA}.Debug|Any CPU.ActiveCfg = Debug|Any CPU
		{1B377E51-6676-476B-BCE4-13CDAB9376DA}.Debug|Any CPU.Build.0 = Debug|Any CPU
		{1B377E51-6676-476B-BCE4-13CDAB9376DA}.Release|Any CPU.ActiveCfg = Release|Any CPU
		{1B377E51-6676-476B-BCE4-13CDAB9376DA}.Release|Any CPU.Build.0 = Release|Any CPU
	EndGlobalSection
EndGlobal
